// !$*UTF8*$!
{
	archiveVersion = 1;
	classes = {
	};
	objectVersion = 51;
	objects = {

/* Begin PBXBuildFile section */
		28D0E1BB36889B3CBE29DDF8 /* Pods_SampleApp_SampleAppUITests.framework in Frameworks */ = {isa = PBXBuildFile; fileRef = 3F1B4939CE57646F639005D0 /* Pods_SampleApp_SampleAppUITests.framework */; };
		90978ECB2593C90100050A3E /* AppDelegate.swift in Sources */ = {isa = PBXBuildFile; fileRef = 90978ECA2593C90100050A3E /* AppDelegate.swift */; };
		90978ECD2593C90100050A3E /* SceneDelegate.swift in Sources */ = {isa = PBXBuildFile; fileRef = 90978ECC2593C90100050A3E /* SceneDelegate.swift */; };
		90978ECF2593C90100050A3E /* ViewController.swift in Sources */ = {isa = PBXBuildFile; fileRef = 90978ECE2593C90100050A3E /* ViewController.swift */; };
		90978ED42593C90300050A3E /* Assets.xcassets in Resources */ = {isa = PBXBuildFile; fileRef = 90978ED32593C90300050A3E /* Assets.xcassets */; };
		90978ED72593C90300050A3E /* LaunchScreen.storyboard in Resources */ = {isa = PBXBuildFile; fileRef = 90978ED52593C90300050A3E /* LaunchScreen.storyboard */; };
		90978EE22593C90300050A3E /* SampleAppTests.swift in Sources */ = {isa = PBXBuildFile; fileRef = 90978EE12593C90300050A3E /* SampleAppTests.swift */; };
		90978EED2593C90300050A3E /* SampleAppUITests.swift in Sources */ = {isa = PBXBuildFile; fileRef = 90978EEC2593C90300050A3E /* SampleAppUITests.swift */; };
		90978F0B2593CA0300050A3E /* BoutiqueListViewController.swift in Sources */ = {isa = PBXBuildFile; fileRef = 90978F0A2593CA0300050A3E /* BoutiqueListViewController.swift */; };
		90978F202593CB3C00050A3E /* BoutiqueListPresenter.swift in Sources */ = {isa = PBXBuildFile; fileRef = 90978F1F2593CB3C00050A3E /* BoutiqueListPresenter.swift */; };
		90978F252593CB8300050A3E /* BotiqueListPresenterProtocol.swift in Sources */ = {isa = PBXBuildFile; fileRef = 90978F242593CB8300050A3E /* BotiqueListPresenterProtocol.swift */; };
		90978F2A2593CBA900050A3E /* BoutiqueItemPresenter.swift in Sources */ = {isa = PBXBuildFile; fileRef = 90978F292593CBA900050A3E /* BoutiqueItemPresenter.swift */; };
		90978F2F2593CD4A00050A3E /* BoutiqueTableViewCell.swift in Sources */ = {isa = PBXBuildFile; fileRef = 90978F2E2593CD4A00050A3E /* BoutiqueTableViewCell.swift */; };
		90978F342593CDE000050A3E /* BoutiqueItemViewController.swift in Sources */ = {isa = PBXBuildFile; fileRef = 90978F332593CDE000050A3E /* BoutiqueItemViewController.swift */; };
		90978F392593CEDA00050A3E /* MapItem.swift in Sources */ = {isa = PBXBuildFile; fileRef = 90978F382593CEDA00050A3E /* MapItem.swift */; };
		90978F3E2593CEFD00050A3E /* Location.swift in Sources */ = {isa = PBXBuildFile; fileRef = 90978F3D2593CEFD00050A3E /* Location.swift */; };
		90978F432593CF0A00050A3E /* Logo.swift in Sources */ = {isa = PBXBuildFile; fileRef = 90978F422593CF0A00050A3E /* Logo.swift */; };
		90978F562593D30A00050A3E /* NetworkConstants.swift in Sources */ = {isa = PBXBuildFile; fileRef = 90978F552593D30A00050A3E /* NetworkConstants.swift */; };
		90978F5E2593D35A00050A3E /* APIConfigurationProtocol.swift in Sources */ = {isa = PBXBuildFile; fileRef = 90978F5D2593D35A00050A3E /* APIConfigurationProtocol.swift */; };
		90978F642593D3A100050A3E /* BotiqueAPIConfiguration.swift in Sources */ = {isa = PBXBuildFile; fileRef = 90978F632593D3A100050A3E /* BotiqueAPIConfiguration.swift */; };
		90978F6C2593D9C800050A3E /* BoutiqueListViewReceiver.swift in Sources */ = {isa = PBXBuildFile; fileRef = 90978F6B2593D9C800050A3E /* BoutiqueListViewReceiver.swift */; };
		CE589B26207EEEA5EA2DACE1 /* Pods_SampleApp.framework in Frameworks */ = {isa = PBXBuildFile; fileRef = 7DC0808871E7CE874BABD30F /* Pods_SampleApp.framework */; };
		D6CB18B7D82647121402A6D2 /* Pods_SampleAppTests.framework in Frameworks */ = {isa = PBXBuildFile; fileRef = B262675AA1CD22AC8E9F018A /* Pods_SampleAppTests.framework */; };
/* End PBXBuildFile section */

/* Begin PBXContainerItemProxy section */
		90978EDE2593C90300050A3E /* PBXContainerItemProxy */ = {
			isa = PBXContainerItemProxy;
			containerPortal = 90978EBF2593C90100050A3E /* Project object */;
			proxyType = 1;
			remoteGlobalIDString = 90978EC62593C90100050A3E;
			remoteInfo = SampleApp;
		};
		90978EE92593C90300050A3E /* PBXContainerItemProxy */ = {
			isa = PBXContainerItemProxy;
			containerPortal = 90978EBF2593C90100050A3E /* Project object */;
			proxyType = 1;
			remoteGlobalIDString = 90978EC62593C90100050A3E;
			remoteInfo = SampleApp;
		};
/* End PBXContainerItemProxy section */

/* Begin PBXFileReference section */
		22C2C6CAC3DD48563C564D05 /* Pods-SampleApp-SampleAppUITests.release.xcconfig */ = {isa = PBXFileReference; includeInIndex = 1; lastKnownFileType = text.xcconfig; name = "Pods-SampleApp-SampleAppUITests.release.xcconfig"; path = "Target Support Files/Pods-SampleApp-SampleAppUITests/Pods-SampleApp-SampleAppUITests.release.xcconfig"; sourceTree = "<group>"; };
		2DF2380DECC638988BF3FB4C /* Pods-SampleApp-SampleAppUITests.debug.xcconfig */ = {isa = PBXFileReference; includeInIndex = 1; lastKnownFileType = text.xcconfig; name = "Pods-SampleApp-SampleAppUITests.debug.xcconfig"; path = "Target Support Files/Pods-SampleApp-SampleAppUITests/Pods-SampleApp-SampleAppUITests.debug.xcconfig"; sourceTree = "<group>"; };
		3F1B4939CE57646F639005D0 /* Pods_SampleApp_SampleAppUITests.framework */ = {isa = PBXFileReference; explicitFileType = wrapper.framework; includeInIndex = 0; path = Pods_SampleApp_SampleAppUITests.framework; sourceTree = BUILT_PRODUCTS_DIR; };
		4171107788E4E0D38E10D469 /* Pods-SampleApp.release.xcconfig */ = {isa = PBXFileReference; includeInIndex = 1; lastKnownFileType = text.xcconfig; name = "Pods-SampleApp.release.xcconfig"; path = "Target Support Files/Pods-SampleApp/Pods-SampleApp.release.xcconfig"; sourceTree = "<group>"; };
		53B22348EF106E24A5FD8FAA /* Pods-SampleAppTests.debug.xcconfig */ = {isa = PBXFileReference; includeInIndex = 1; lastKnownFileType = text.xcconfig; name = "Pods-SampleAppTests.debug.xcconfig"; path = "Target Support Files/Pods-SampleAppTests/Pods-SampleAppTests.debug.xcconfig"; sourceTree = "<group>"; };
		7DC0808871E7CE874BABD30F /* Pods_SampleApp.framework */ = {isa = PBXFileReference; explicitFileType = wrapper.framework; includeInIndex = 0; path = Pods_SampleApp.framework; sourceTree = BUILT_PRODUCTS_DIR; };
		90978EC72593C90100050A3E /* SampleApp.app */ = {isa = PBXFileReference; explicitFileType = wrapper.application; includeInIndex = 0; path = SampleApp.app; sourceTree = BUILT_PRODUCTS_DIR; };
		90978ECA2593C90100050A3E /* AppDelegate.swift */ = {isa = PBXFileReference; lastKnownFileType = sourcecode.swift; path = AppDelegate.swift; sourceTree = "<group>"; };
		90978ECC2593C90100050A3E /* SceneDelegate.swift */ = {isa = PBXFileReference; lastKnownFileType = sourcecode.swift; path = SceneDelegate.swift; sourceTree = "<group>"; };
		90978ECE2593C90100050A3E /* ViewController.swift */ = {isa = PBXFileReference; lastKnownFileType = sourcecode.swift; path = ViewController.swift; sourceTree = "<group>"; };
		90978ED32593C90300050A3E /* Assets.xcassets */ = {isa = PBXFileReference; lastKnownFileType = folder.assetcatalog; path = Assets.xcassets; sourceTree = "<group>"; };
		90978ED62593C90300050A3E /* Base */ = {isa = PBXFileReference; lastKnownFileType = file.storyboard; name = Base; path = Base.lproj/LaunchScreen.storyboard; sourceTree = "<group>"; };
		90978ED82593C90300050A3E /* Info.plist */ = {isa = PBXFileReference; lastKnownFileType = text.plist.xml; path = Info.plist; sourceTree = "<group>"; };
		90978EDD2593C90300050A3E /* SampleAppTests.xctest */ = {isa = PBXFileReference; explicitFileType = wrapper.cfbundle; includeInIndex = 0; path = SampleAppTests.xctest; sourceTree = BUILT_PRODUCTS_DIR; };
		90978EE12593C90300050A3E /* SampleAppTests.swift */ = {isa = PBXFileReference; lastKnownFileType = sourcecode.swift; path = SampleAppTests.swift; sourceTree = "<group>"; };
		90978EE32593C90300050A3E /* Info.plist */ = {isa = PBXFileReference; lastKnownFileType = text.plist.xml; path = Info.plist; sourceTree = "<group>"; };
		90978EE82593C90300050A3E /* SampleAppUITests.xctest */ = {isa = PBXFileReference; explicitFileType = wrapper.cfbundle; includeInIndex = 0; path = SampleAppUITests.xctest; sourceTree = BUILT_PRODUCTS_DIR; };
		90978EEC2593C90300050A3E /* SampleAppUITests.swift */ = {isa = PBXFileReference; lastKnownFileType = sourcecode.swift; path = SampleAppUITests.swift; sourceTree = "<group>"; };
		90978EEE2593C90300050A3E /* Info.plist */ = {isa = PBXFileReference; lastKnownFileType = text.plist.xml; path = Info.plist; sourceTree = "<group>"; };
		90978F0A2593CA0300050A3E /* BoutiqueListViewController.swift */ = {isa = PBXFileReference; lastKnownFileType = sourcecode.swift; path = BoutiqueListViewController.swift; sourceTree = "<group>"; };
		90978F1F2593CB3C00050A3E /* BoutiqueListPresenter.swift */ = {isa = PBXFileReference; lastKnownFileType = sourcecode.swift; path = BoutiqueListPresenter.swift; sourceTree = "<group>"; };
		90978F242593CB8300050A3E /* BotiqueListPresenterProtocol.swift */ = {isa = PBXFileReference; lastKnownFileType = sourcecode.swift; path = BotiqueListPresenterProtocol.swift; sourceTree = "<group>"; };
		90978F292593CBA900050A3E /* BoutiqueItemPresenter.swift */ = {isa = PBXFileReference; lastKnownFileType = sourcecode.swift; path = BoutiqueItemPresenter.swift; sourceTree = "<group>"; };
		90978F2E2593CD4A00050A3E /* BoutiqueTableViewCell.swift */ = {isa = PBXFileReference; lastKnownFileType = sourcecode.swift; path = BoutiqueTableViewCell.swift; sourceTree = "<group>"; };
		90978F332593CDE000050A3E /* BoutiqueItemViewController.swift */ = {isa = PBXFileReference; lastKnownFileType = sourcecode.swift; path = BoutiqueItemViewController.swift; sourceTree = "<group>"; };
		90978F382593CEDA00050A3E /* MapItem.swift */ = {isa = PBXFileReference; lastKnownFileType = sourcecode.swift; path = MapItem.swift; sourceTree = "<group>"; };
		90978F3D2593CEFD00050A3E /* Location.swift */ = {isa = PBXFileReference; lastKnownFileType = sourcecode.swift; path = Location.swift; sourceTree = "<group>"; };
		90978F422593CF0A00050A3E /* Logo.swift */ = {isa = PBXFileReference; lastKnownFileType = sourcecode.swift; path = Logo.swift; sourceTree = "<group>"; };
		90978F552593D30A00050A3E /* NetworkConstants.swift */ = {isa = PBXFileReference; lastKnownFileType = sourcecode.swift; path = NetworkConstants.swift; sourceTree = "<group>"; };
		90978F5D2593D35A00050A3E /* APIConfigurationProtocol.swift */ = {isa = PBXFileReference; lastKnownFileType = sourcecode.swift; path = APIConfigurationProtocol.swift; sourceTree = "<group>"; };
		90978F632593D3A100050A3E /* BotiqueAPIConfiguration.swift */ = {isa = PBXFileReference; lastKnownFileType = sourcecode.swift; path = BotiqueAPIConfiguration.swift; sourceTree = "<group>"; };
		90978F6B2593D9C800050A3E /* BoutiqueListViewReceiver.swift */ = {isa = PBXFileReference; lastKnownFileType = sourcecode.swift; path = BoutiqueListViewReceiver.swift; sourceTree = "<group>"; };
		9D20073243E9D69B0C6B40EF /* Pods-SampleAppTests.release.xcconfig */ = {isa = PBXFileReference; includeInIndex = 1; lastKnownFileType = text.xcconfig; name = "Pods-SampleAppTests.release.xcconfig"; path = "Target Support Files/Pods-SampleAppTests/Pods-SampleAppTests.release.xcconfig"; sourceTree = "<group>"; };
		B262675AA1CD22AC8E9F018A /* Pods_SampleAppTests.framework */ = {isa = PBXFileReference; explicitFileType = wrapper.framework; includeInIndex = 0; path = Pods_SampleAppTests.framework; sourceTree = BUILT_PRODUCTS_DIR; };
		D65671E719A0902827F0B55C /* Pods-SampleApp.debug.xcconfig */ = {isa = PBXFileReference; includeInIndex = 1; lastKnownFileType = text.xcconfig; name = "Pods-SampleApp.debug.xcconfig"; path = "Target Support Files/Pods-SampleApp/Pods-SampleApp.debug.xcconfig"; sourceTree = "<group>"; };
/* End PBXFileReference section */

/* Begin PBXFrameworksBuildPhase section */
		90978EC42593C90100050A3E /* Frameworks */ = {
			isa = PBXFrameworksBuildPhase;
			buildActionMask = 2147483647;
			files = (
				CE589B26207EEEA5EA2DACE1 /* Pods_SampleApp.framework in Frameworks */,
			);
			runOnlyForDeploymentPostprocessing = 0;
		};
		90978EDA2593C90300050A3E /* Frameworks */ = {
			isa = PBXFrameworksBuildPhase;
			buildActionMask = 2147483647;
			files = (
				D6CB18B7D82647121402A6D2 /* Pods_SampleAppTests.framework in Frameworks */,
			);
			runOnlyForDeploymentPostprocessing = 0;
		};
		90978EE52593C90300050A3E /* Frameworks */ = {
			isa = PBXFrameworksBuildPhase;
			buildActionMask = 2147483647;
			files = (
				28D0E1BB36889B3CBE29DDF8 /* Pods_SampleApp_SampleAppUITests.framework in Frameworks */,
			);
			runOnlyForDeploymentPostprocessing = 0;
		};
/* End PBXFrameworksBuildPhase section */

/* Begin PBXGroup section */
		0C14828E2FBA10A26AFE387F /* Pods */ = {
			isa = PBXGroup;
			children = (
				D65671E719A0902827F0B55C /* Pods-SampleApp.debug.xcconfig */,
				4171107788E4E0D38E10D469 /* Pods-SampleApp.release.xcconfig */,
				2DF2380DECC638988BF3FB4C /* Pods-SampleApp-SampleAppUITests.debug.xcconfig */,
				22C2C6CAC3DD48563C564D05 /* Pods-SampleApp-SampleAppUITests.release.xcconfig */,
				53B22348EF106E24A5FD8FAA /* Pods-SampleAppTests.debug.xcconfig */,
				9D20073243E9D69B0C6B40EF /* Pods-SampleAppTests.release.xcconfig */,
			);
			path = Pods;
			sourceTree = "<group>";
		};
		90978EBE2593C90100050A3E = {
			isa = PBXGroup;
			children = (
				90978EC92593C90100050A3E /* SampleApp */,
				90978EE02593C90300050A3E /* SampleAppTests */,
				90978EEB2593C90300050A3E /* SampleAppUITests */,
				90978EC82593C90100050A3E /* Products */,
				0C14828E2FBA10A26AFE387F /* Pods */,
				AB9A5C4FDE9C48E057F94EF5 /* Frameworks */,
			);
			sourceTree = "<group>";
		};
		90978EC82593C90100050A3E /* Products */ = {
			isa = PBXGroup;
			children = (
				90978EC72593C90100050A3E /* SampleApp.app */,
				90978EDD2593C90300050A3E /* SampleAppTests.xctest */,
				90978EE82593C90300050A3E /* SampleAppUITests.xctest */,
			);
			name = Products;
			sourceTree = "<group>";
		};
		90978EC92593C90100050A3E /* SampleApp */ = {
			isa = PBXGroup;
			children = (
				90978ECA2593C90100050A3E /* AppDelegate.swift */,
				90978ECC2593C90100050A3E /* SceneDelegate.swift */,
				90978EFD2593C93A00050A3E /* App */,
				90978EFE2593C94000050A3E /* Model */,
				90978ECE2593C90100050A3E /* ViewController.swift */,
				90978ED32593C90300050A3E /* Assets.xcassets */,
				90978ED52593C90300050A3E /* LaunchScreen.storyboard */,
				90978ED82593C90300050A3E /* Info.plist */,
			);
			path = SampleApp;
			sourceTree = "<group>";
		};
		90978EE02593C90300050A3E /* SampleAppTests */ = {
			isa = PBXGroup;
			children = (
				90978EE12593C90300050A3E /* SampleAppTests.swift */,
				90978EE32593C90300050A3E /* Info.plist */,
			);
			path = SampleAppTests;
			sourceTree = "<group>";
		};
		90978EEB2593C90300050A3E /* SampleAppUITests */ = {
			isa = PBXGroup;
			children = (
				90978EEC2593C90300050A3E /* SampleAppUITests.swift */,
				90978EEE2593C90300050A3E /* Info.plist */,
			);
			path = SampleAppUITests;
			sourceTree = "<group>";
		};
		90978EFD2593C93A00050A3E /* App */ = {
			isa = PBXGroup;
			children = (
				90978F012593C95200050A3E /* SharedUIComponents */,
				90978EFF2593C94600050A3E /* UseCases */,
			);
			path = App;
			sourceTree = "<group>";
		};
		90978EFE2593C94000050A3E /* Model */ = {
			isa = PBXGroup;
			children = (
				90978F032593C98B00050A3E /* Network */,
				90978F022593C98600050A3E /* DataModels */,
			);
			path = Model;
			sourceTree = "<group>";
		};
		90978EFF2593C94600050A3E /* UseCases */ = {
			isa = PBXGroup;
			children = (
				90978F002593C94D00050A3E /* ListBoutiquesInfo */,
			);
			path = UseCases;
			sourceTree = "<group>";
		};
		90978F002593C94D00050A3E /* ListBoutiquesInfo */ = {
			isa = PBXGroup;
			children = (
				90978F152593CAF900050A3E /* Protocol */,
				90978F1B2593CB1400050A3E /* Presenter */,
				90978F162593CAFE00050A3E /* View */,
			);
			path = ListBoutiquesInfo;
			sourceTree = "<group>";
		};
		90978F012593C95200050A3E /* SharedUIComponents */ = {
			isa = PBXGroup;
			children = (
			);
			path = SharedUIComponents;
			sourceTree = "<group>";
		};
		90978F022593C98600050A3E /* DataModels */ = {
			isa = PBXGroup;
			children = (
				90978F382593CEDA00050A3E /* MapItem.swift */,
				90978F3D2593CEFD00050A3E /* Location.swift */,
				90978F422593CF0A00050A3E /* Logo.swift */,
			);
			path = DataModels;
			sourceTree = "<group>";
		};
		90978F032593C98B00050A3E /* Network */ = {
			isa = PBXGroup;
			children = (
				90978F542593D2F900050A3E /* Shared */,
			);
			path = Network;
			sourceTree = "<group>";
		};
		90978F152593CAF900050A3E /* Protocol */ = {
			isa = PBXGroup;
			children = (
				90978F242593CB8300050A3E /* BotiqueListPresenterProtocol.swift */,
				90978F6B2593D9C800050A3E /* BoutiqueListViewReceiver.swift */,
			);
			path = Protocol;
			sourceTree = "<group>";
		};
		90978F162593CAFE00050A3E /* View */ = {
			isa = PBXGroup;
			children = (
				90978F0A2593CA0300050A3E /* BoutiqueListViewController.swift */,
				90978F2E2593CD4A00050A3E /* BoutiqueTableViewCell.swift */,
				90978F332593CDE000050A3E /* BoutiqueItemViewController.swift */,
			);
			path = View;
			sourceTree = "<group>";
		};
		90978F1B2593CB1400050A3E /* Presenter */ = {
			isa = PBXGroup;
			children = (
				90978F1F2593CB3C00050A3E /* BoutiqueListPresenter.swift */,
				90978F292593CBA900050A3E /* BoutiqueItemPresenter.swift */,
			);
			path = Presenter;
			sourceTree = "<group>";
		};
		90978F542593D2F900050A3E /* Shared */ = {
			isa = PBXGroup;
			children = (
				90978F5D2593D35A00050A3E /* APIConfigurationProtocol.swift */,
				90978F552593D30A00050A3E /* NetworkConstants.swift */,
				90978F622593D39100050A3E /* APIS */,
			);
			path = Shared;
			sourceTree = "<group>";
		};
		90978F622593D39100050A3E /* APIS */ = {
			isa = PBXGroup;
			children = (
				90978F632593D3A100050A3E /* BotiqueAPIConfiguration.swift */,
			);
			path = APIS;
			sourceTree = "<group>";
		};
		AB9A5C4FDE9C48E057F94EF5 /* Frameworks */ = {
			isa = PBXGroup;
			children = (
				7DC0808871E7CE874BABD30F /* Pods_SampleApp.framework */,
				3F1B4939CE57646F639005D0 /* Pods_SampleApp_SampleAppUITests.framework */,
				B262675AA1CD22AC8E9F018A /* Pods_SampleAppTests.framework */,
			);
			name = Frameworks;
			sourceTree = "<group>";
		};
/* End PBXGroup section */

/* Begin PBXNativeTarget section */
		90978EC62593C90100050A3E /* SampleApp */ = {
			isa = PBXNativeTarget;
			buildConfigurationList = 90978EF12593C90300050A3E /* Build configuration list for PBXNativeTarget "SampleApp" */;
			buildPhases = (
				18CB1E2F295A69AF75E72CE7 /* [CP] Check Pods Manifest.lock */,
				90978EC32593C90100050A3E /* Sources */,
				90978EC42593C90100050A3E /* Frameworks */,
				90978EC52593C90100050A3E /* Resources */,
				3021066FBF08303EFD607254 /* [CP] Embed Pods Frameworks */,
			);
			buildRules = (
			);
			dependencies = (
			);
			name = SampleApp;
			productName = SampleApp;
			productReference = 90978EC72593C90100050A3E /* SampleApp.app */;
			productType = "com.apple.product-type.application";
		};
		90978EDC2593C90300050A3E /* SampleAppTests */ = {
			isa = PBXNativeTarget;
			buildConfigurationList = 90978EF42593C90300050A3E /* Build configuration list for PBXNativeTarget "SampleAppTests" */;
			buildPhases = (
				AE7BF55B60937A18E09E2EF4 /* [CP] Check Pods Manifest.lock */,
				90978ED92593C90300050A3E /* Sources */,
				90978EDA2593C90300050A3E /* Frameworks */,
				90978EDB2593C90300050A3E /* Resources */,
			);
			buildRules = (
			);
			dependencies = (
				90978EDF2593C90300050A3E /* PBXTargetDependency */,
			);
			name = SampleAppTests;
			productName = SampleAppTests;
			productReference = 90978EDD2593C90300050A3E /* SampleAppTests.xctest */;
			productType = "com.apple.product-type.bundle.unit-test";
		};
		90978EE72593C90300050A3E /* SampleAppUITests */ = {
			isa = PBXNativeTarget;
			buildConfigurationList = 90978EF72593C90300050A3E /* Build configuration list for PBXNativeTarget "SampleAppUITests" */;
			buildPhases = (
				AC57BFFCDDF95169513EFC9C /* [CP] Check Pods Manifest.lock */,
				90978EE42593C90300050A3E /* Sources */,
				90978EE52593C90300050A3E /* Frameworks */,
				90978EE62593C90300050A3E /* Resources */,
				A82A90D90FD6EB18DC830053 /* [CP] Embed Pods Frameworks */,
			);
			buildRules = (
			);
			dependencies = (
				90978EEA2593C90300050A3E /* PBXTargetDependency */,
			);
			name = SampleAppUITests;
			productName = SampleAppUITests;
			productReference = 90978EE82593C90300050A3E /* SampleAppUITests.xctest */;
			productType = "com.apple.product-type.bundle.ui-testing";
		};
/* End PBXNativeTarget section */

/* Begin PBXProject section */
		90978EBF2593C90100050A3E /* Project object */ = {
			isa = PBXProject;
			attributes = {
				LastSwiftUpdateCheck = 1230;
				LastUpgradeCheck = 1230;
				TargetAttributes = {
					90978EC62593C90100050A3E = {
						CreatedOnToolsVersion = 12.3;
					};
					90978EDC2593C90300050A3E = {
						CreatedOnToolsVersion = 12.3;
						TestTargetID = 90978EC62593C90100050A3E;
					};
					90978EE72593C90300050A3E = {
						CreatedOnToolsVersion = 12.3;
						TestTargetID = 90978EC62593C90100050A3E;
					};
				};
			};
			buildConfigurationList = 90978EC22593C90100050A3E /* Build configuration list for PBXProject "SampleApp" */;
			compatibilityVersion = "Xcode 9.3";
			developmentRegion = en;
			hasScannedForEncodings = 0;
			knownRegions = (
				en,
				Base,
			);
			mainGroup = 90978EBE2593C90100050A3E;
			productRefGroup = 90978EC82593C90100050A3E /* Products */;
			projectDirPath = "";
			projectRoot = "";
			targets = (
				90978EC62593C90100050A3E /* SampleApp */,
				90978EDC2593C90300050A3E /* SampleAppTests */,
				90978EE72593C90300050A3E /* SampleAppUITests */,
			);
		};
/* End PBXProject section */

/* Begin PBXResourcesBuildPhase section */
		90978EC52593C90100050A3E /* Resources */ = {
			isa = PBXResourcesBuildPhase;
			buildActionMask = 2147483647;
			files = (
				90978ED72593C90300050A3E /* LaunchScreen.storyboard in Resources */,
				90978ED42593C90300050A3E /* Assets.xcassets in Resources */,
			);
			runOnlyForDeploymentPostprocessing = 0;
		};
		90978EDB2593C90300050A3E /* Resources */ = {
			isa = PBXResourcesBuildPhase;
			buildActionMask = 2147483647;
			files = (
			);
			runOnlyForDeploymentPostprocessing = 0;
		};
		90978EE62593C90300050A3E /* Resources */ = {
			isa = PBXResourcesBuildPhase;
			buildActionMask = 2147483647;
			files = (
			);
			runOnlyForDeploymentPostprocessing = 0;
		};
/* End PBXResourcesBuildPhase section */

/* Begin PBXShellScriptBuildPhase section */
		18CB1E2F295A69AF75E72CE7 /* [CP] Check Pods Manifest.lock */ = {
			isa = PBXShellScriptBuildPhase;
			buildActionMask = 2147483647;
			files = (
			);
			inputFileListPaths = (
			);
			inputPaths = (
				"${PODS_PODFILE_DIR_PATH}/Podfile.lock",
				"${PODS_ROOT}/Manifest.lock",
			);
			name = "[CP] Check Pods Manifest.lock";
			outputFileListPaths = (
			);
			outputPaths = (
				"$(DERIVED_FILE_DIR)/Pods-SampleApp-checkManifestLockResult.txt",
			);
			runOnlyForDeploymentPostprocessing = 0;
			shellPath = /bin/sh;
			shellScript = "diff \"${PODS_PODFILE_DIR_PATH}/Podfile.lock\" \"${PODS_ROOT}/Manifest.lock\" > /dev/null\nif [ $? != 0 ] ; then\n    # print error to STDERR\n    echo \"error: The sandbox is not in sync with the Podfile.lock. Run 'pod install' or update your CocoaPods installation.\" >&2\n    exit 1\nfi\n# This output is used by Xcode 'outputs' to avoid re-running this script phase.\necho \"SUCCESS\" > \"${SCRIPT_OUTPUT_FILE_0}\"\n";
			showEnvVarsInLog = 0;
		};
		3021066FBF08303EFD607254 /* [CP] Embed Pods Frameworks */ = {
			isa = PBXShellScriptBuildPhase;
			buildActionMask = 2147483647;
			files = (
			);
			inputFileListPaths = (
				"${PODS_ROOT}/Target Support Files/Pods-SampleApp/Pods-SampleApp-frameworks-${CONFIGURATION}-input-files.xcfilelist",
			);
			name = "[CP] Embed Pods Frameworks";
			outputFileListPaths = (
				"${PODS_ROOT}/Target Support Files/Pods-SampleApp/Pods-SampleApp-frameworks-${CONFIGURATION}-output-files.xcfilelist",
			);
			runOnlyForDeploymentPostprocessing = 0;
			shellPath = /bin/sh;
			shellScript = "\"${PODS_ROOT}/Target Support Files/Pods-SampleApp/Pods-SampleApp-frameworks.sh\"\n";
			showEnvVarsInLog = 0;
		};
		A82A90D90FD6EB18DC830053 /* [CP] Embed Pods Frameworks */ = {
			isa = PBXShellScriptBuildPhase;
			buildActionMask = 2147483647;
			files = (
			);
			inputFileListPaths = (
				"${PODS_ROOT}/Target Support Files/Pods-SampleApp-SampleAppUITests/Pods-SampleApp-SampleAppUITests-frameworks-${CONFIGURATION}-input-files.xcfilelist",
			);
			name = "[CP] Embed Pods Frameworks";
			outputFileListPaths = (
				"${PODS_ROOT}/Target Support Files/Pods-SampleApp-SampleAppUITests/Pods-SampleApp-SampleAppUITests-frameworks-${CONFIGURATION}-output-files.xcfilelist",
			);
			runOnlyForDeploymentPostprocessing = 0;
			shellPath = /bin/sh;
			shellScript = "\"${PODS_ROOT}/Target Support Files/Pods-SampleApp-SampleAppUITests/Pods-SampleApp-SampleAppUITests-frameworks.sh\"\n";
			showEnvVarsInLog = 0;
		};
		AC57BFFCDDF95169513EFC9C /* [CP] Check Pods Manifest.lock */ = {
			isa = PBXShellScriptBuildPhase;
			buildActionMask = 2147483647;
			files = (
			);
			inputFileListPaths = (
			);
			inputPaths = (
				"${PODS_PODFILE_DIR_PATH}/Podfile.lock",
				"${PODS_ROOT}/Manifest.lock",
			);
			name = "[CP] Check Pods Manifest.lock";
			outputFileListPaths = (
			);
			outputPaths = (
				"$(DERIVED_FILE_DIR)/Pods-SampleApp-SampleAppUITests-checkManifestLockResult.txt",
			);
			runOnlyForDeploymentPostprocessing = 0;
			shellPath = /bin/sh;
			shellScript = "diff \"${PODS_PODFILE_DIR_PATH}/Podfile.lock\" \"${PODS_ROOT}/Manifest.lock\" > /dev/null\nif [ $? != 0 ] ; then\n    # print error to STDERR\n    echo \"error: The sandbox is not in sync with the Podfile.lock. Run 'pod install' or update your CocoaPods installation.\" >&2\n    exit 1\nfi\n# This output is used by Xcode 'outputs' to avoid re-running this script phase.\necho \"SUCCESS\" > \"${SCRIPT_OUTPUT_FILE_0}\"\n";
			showEnvVarsInLog = 0;
		};
		AE7BF55B60937A18E09E2EF4 /* [CP] Check Pods Manifest.lock */ = {
			isa = PBXShellScriptBuildPhase;
			buildActionMask = 2147483647;
			files = (
			);
			inputFileListPaths = (
			);
			inputPaths = (
				"${PODS_PODFILE_DIR_PATH}/Podfile.lock",
				"${PODS_ROOT}/Manifest.lock",
			);
			name = "[CP] Check Pods Manifest.lock";
			outputFileListPaths = (
			);
			outputPaths = (
				"$(DERIVED_FILE_DIR)/Pods-SampleAppTests-checkManifestLockResult.txt",
			);
			runOnlyForDeploymentPostprocessing = 0;
			shellPath = /bin/sh;
			shellScript = "diff \"${PODS_PODFILE_DIR_PATH}/Podfile.lock\" \"${PODS_ROOT}/Manifest.lock\" > /dev/null\nif [ $? != 0 ] ; then\n    # print error to STDERR\n    echo \"error: The sandbox is not in sync with the Podfile.lock. Run 'pod install' or update your CocoaPods installation.\" >&2\n    exit 1\nfi\n# This output is used by Xcode 'outputs' to avoid re-running this script phase.\necho \"SUCCESS\" > \"${SCRIPT_OUTPUT_FILE_0}\"\n";
			showEnvVarsInLog = 0;
		};
/* End PBXShellScriptBuildPhase section */

/* Begin PBXSourcesBuildPhase section */
		90978EC32593C90100050A3E /* Sources */ = {
			isa = PBXSourcesBuildPhase;
			buildActionMask = 2147483647;
			files = (
				90978F562593D30A00050A3E /* NetworkConstants.swift in Sources */,
				90978F0B2593CA0300050A3E /* BoutiqueListViewController.swift in Sources */,
				90978F642593D3A100050A3E /* BotiqueAPIConfiguration.swift in Sources */,
				90978F6C2593D9C800050A3E /* BoutiqueListViewReceiver.swift in Sources */,
				90978F3E2593CEFD00050A3E /* Location.swift in Sources */,
				90978ECF2593C90100050A3E /* ViewController.swift in Sources */,
				90978F202593CB3C00050A3E /* BoutiqueListPresenter.swift in Sources */,
				90978F5E2593D35A00050A3E /* APIConfigurationProtocol.swift in Sources */,
				90978ECB2593C90100050A3E /* AppDelegate.swift in Sources */,
				90978ECD2593C90100050A3E /* SceneDelegate.swift in Sources */,
				90978F392593CEDA00050A3E /* MapItem.swift in Sources */,
				90978F342593CDE000050A3E /* BoutiqueItemViewController.swift in Sources */,
				90978F2A2593CBA900050A3E /* BoutiqueItemPresenter.swift in Sources */,
				90978F252593CB8300050A3E /* BotiqueListPresenterProtocol.swift in Sources */,
				90978F432593CF0A00050A3E /* Logo.swift in Sources */,
				90978F2F2593CD4A00050A3E /* BoutiqueTableViewCell.swift in Sources */,
			);
			runOnlyForDeploymentPostprocessing = 0;
		};
		90978ED92593C90300050A3E /* Sources */ = {
			isa = PBXSourcesBuildPhase;
			buildActionMask = 2147483647;
			files = (
				90978EE22593C90300050A3E /* SampleAppTests.swift in Sources */,
			);
			runOnlyForDeploymentPostprocessing = 0;
		};
		90978EE42593C90300050A3E /* Sources */ = {
			isa = PBXSourcesBuildPhase;
			buildActionMask = 2147483647;
			files = (
				90978EED2593C90300050A3E /* SampleAppUITests.swift in Sources */,
			);
			runOnlyForDeploymentPostprocessing = 0;
		};
/* End PBXSourcesBuildPhase section */

/* Begin PBXTargetDependency section */
		90978EDF2593C90300050A3E /* PBXTargetDependency */ = {
			isa = PBXTargetDependency;
			target = 90978EC62593C90100050A3E /* SampleApp */;
			targetProxy = 90978EDE2593C90300050A3E /* PBXContainerItemProxy */;
		};
		90978EEA2593C90300050A3E /* PBXTargetDependency */ = {
			isa = PBXTargetDependency;
			target = 90978EC62593C90100050A3E /* SampleApp */;
			targetProxy = 90978EE92593C90300050A3E /* PBXContainerItemProxy */;
		};
/* End PBXTargetDependency section */

/* Begin PBXVariantGroup section */
		90978ED52593C90300050A3E /* LaunchScreen.storyboard */ = {
			isa = PBXVariantGroup;
			children = (
				90978ED62593C90300050A3E /* Base */,
			);
			name = LaunchScreen.storyboard;
			sourceTree = "<group>";
		};
/* End PBXVariantGroup section */

/* Begin XCBuildConfiguration section */
		90978EEF2593C90300050A3E /* Debug */ = {
			isa = XCBuildConfiguration;
			buildSettings = {
				ALWAYS_SEARCH_USER_PATHS = NO;
				CLANG_ANALYZER_NONNULL = YES;
				CLANG_ANALYZER_NUMBER_OBJECT_CONVERSION = YES_AGGRESSIVE;
				CLANG_CXX_LANGUAGE_STANDARD = "gnu++14";
				CLANG_CXX_LIBRARY = "libc++";
				CLANG_ENABLE_MODULES = YES;
				CLANG_ENABLE_OBJC_ARC = YES;
				CLANG_ENABLE_OBJC_WEAK = YES;
				CLANG_WARN_BLOCK_CAPTURE_AUTORELEASING = YES;
				CLANG_WARN_BOOL_CONVERSION = YES;
				CLANG_WARN_COMMA = YES;
				CLANG_WARN_CONSTANT_CONVERSION = YES;
				CLANG_WARN_DEPRECATED_OBJC_IMPLEMENTATIONS = YES;
				CLANG_WARN_DIRECT_OBJC_ISA_USAGE = YES_ERROR;
				CLANG_WARN_DOCUMENTATION_COMMENTS = YES;
				CLANG_WARN_EMPTY_BODY = YES;
				CLANG_WARN_ENUM_CONVERSION = YES;
				CLANG_WARN_INFINITE_RECURSION = YES;
				CLANG_WARN_INT_CONVERSION = YES;
				CLANG_WARN_NON_LITERAL_NULL_CONVERSION = YES;
				CLANG_WARN_OBJC_IMPLICIT_RETAIN_SELF = YES;
				CLANG_WARN_OBJC_LITERAL_CONVERSION = YES;
				CLANG_WARN_OBJC_ROOT_CLASS = YES_ERROR;
				CLANG_WARN_QUOTED_INCLUDE_IN_FRAMEWORK_HEADER = YES;
				CLANG_WARN_RANGE_LOOP_ANALYSIS = YES;
				CLANG_WARN_STRICT_PROTOTYPES = YES;
				CLANG_WARN_SUSPICIOUS_MOVE = YES;
				CLANG_WARN_UNGUARDED_AVAILABILITY = YES_AGGRESSIVE;
				CLANG_WARN_UNREACHABLE_CODE = YES;
				CLANG_WARN__DUPLICATE_METHOD_MATCH = YES;
				COPY_PHASE_STRIP = NO;
				DEBUG_INFORMATION_FORMAT = dwarf;
				ENABLE_STRICT_OBJC_MSGSEND = YES;
				ENABLE_TESTABILITY = YES;
				GCC_C_LANGUAGE_STANDARD = gnu11;
				GCC_DYNAMIC_NO_PIC = NO;
				GCC_NO_COMMON_BLOCKS = YES;
				GCC_OPTIMIZATION_LEVEL = 0;
				GCC_PREPROCESSOR_DEFINITIONS = (
					"DEBUG=1",
					"$(inherited)",
				);
				GCC_WARN_64_TO_32_BIT_CONVERSION = YES;
				GCC_WARN_ABOUT_RETURN_TYPE = YES_ERROR;
				GCC_WARN_UNDECLARED_SELECTOR = YES;
				GCC_WARN_UNINITIALIZED_AUTOS = YES_AGGRESSIVE;
				GCC_WARN_UNUSED_FUNCTION = YES;
				GCC_WARN_UNUSED_VARIABLE = YES;
				IPHONEOS_DEPLOYMENT_TARGET = 14.3;
				MTL_ENABLE_DEBUG_INFO = INCLUDE_SOURCE;
				MTL_FAST_MATH = YES;
				ONLY_ACTIVE_ARCH = YES;
				SDKROOT = iphoneos;
				SWIFT_ACTIVE_COMPILATION_CONDITIONS = DEBUG;
				SWIFT_OPTIMIZATION_LEVEL = "-Onone";
			};
			name = Debug;
		};
		90978EF02593C90300050A3E /* Release */ = {
			isa = XCBuildConfiguration;
			buildSettings = {
				ALWAYS_SEARCH_USER_PATHS = NO;
				CLANG_ANALYZER_NONNULL = YES;
				CLANG_ANALYZER_NUMBER_OBJECT_CONVERSION = YES_AGGRESSIVE;
				CLANG_CXX_LANGUAGE_STANDARD = "gnu++14";
				CLANG_CXX_LIBRARY = "libc++";
				CLANG_ENABLE_MODULES = YES;
				CLANG_ENABLE_OBJC_ARC = YES;
				CLANG_ENABLE_OBJC_WEAK = YES;
				CLANG_WARN_BLOCK_CAPTURE_AUTORELEASING = YES;
				CLANG_WARN_BOOL_CONVERSION = YES;
				CLANG_WARN_COMMA = YES;
				CLANG_WARN_CONSTANT_CONVERSION = YES;
				CLANG_WARN_DEPRECATED_OBJC_IMPLEMENTATIONS = YES;
				CLANG_WARN_DIRECT_OBJC_ISA_USAGE = YES_ERROR;
				CLANG_WARN_DOCUMENTATION_COMMENTS = YES;
				CLANG_WARN_EMPTY_BODY = YES;
				CLANG_WARN_ENUM_CONVERSION = YES;
				CLANG_WARN_INFINITE_RECURSION = YES;
				CLANG_WARN_INT_CONVERSION = YES;
				CLANG_WARN_NON_LITERAL_NULL_CONVERSION = YES;
				CLANG_WARN_OBJC_IMPLICIT_RETAIN_SELF = YES;
				CLANG_WARN_OBJC_LITERAL_CONVERSION = YES;
				CLANG_WARN_OBJC_ROOT_CLASS = YES_ERROR;
				CLANG_WARN_QUOTED_INCLUDE_IN_FRAMEWORK_HEADER = YES;
				CLANG_WARN_RANGE_LOOP_ANALYSIS = YES;
				CLANG_WARN_STRICT_PROTOTYPES = YES;
				CLANG_WARN_SUSPICIOUS_MOVE = YES;
				CLANG_WARN_UNGUARDED_AVAILABILITY = YES_AGGRESSIVE;
				CLANG_WARN_UNREACHABLE_CODE = YES;
				CLANG_WARN__DUPLICATE_METHOD_MATCH = YES;
				COPY_PHASE_STRIP = NO;
				DEBUG_INFORMATION_FORMAT = "dwarf-with-dsym";
				ENABLE_NS_ASSERTIONS = NO;
				ENABLE_STRICT_OBJC_MSGSEND = YES;
				GCC_C_LANGUAGE_STANDARD = gnu11;
				GCC_NO_COMMON_BLOCKS = YES;
				GCC_WARN_64_TO_32_BIT_CONVERSION = YES;
				GCC_WARN_ABOUT_RETURN_TYPE = YES_ERROR;
				GCC_WARN_UNDECLARED_SELECTOR = YES;
				GCC_WARN_UNINITIALIZED_AUTOS = YES_AGGRESSIVE;
				GCC_WARN_UNUSED_FUNCTION = YES;
				GCC_WARN_UNUSED_VARIABLE = YES;
				IPHONEOS_DEPLOYMENT_TARGET = 14.3;
				MTL_ENABLE_DEBUG_INFO = NO;
				MTL_FAST_MATH = YES;
				SDKROOT = iphoneos;
				SWIFT_COMPILATION_MODE = wholemodule;
				SWIFT_OPTIMIZATION_LEVEL = "-O";
				VALIDATE_PRODUCT = YES;
			};
			name = Release;
		};
		90978EF22593C90300050A3E /* Debug */ = {
			isa = XCBuildConfiguration;
			baseConfigurationReference = D65671E719A0902827F0B55C /* Pods-SampleApp.debug.xcconfig */;
			buildSettings = {
				ASSETCATALOG_COMPILER_APPICON_NAME = AppIcon;
				ASSETCATALOG_COMPILER_GLOBAL_ACCENT_COLOR_NAME = AccentColor;
				CODE_SIGN_STYLE = Automatic;
				DEVELOPMENT_TEAM = D54RNC6WC3;
				INFOPLIST_FILE = SampleApp/Info.plist;
				LD_RUNPATH_SEARCH_PATHS = (
					"$(inherited)",
					"@executable_path/Frameworks",
				);
				PRODUCT_BUNDLE_IDENTIFIER = testlist.com.SampleApp;
				PRODUCT_NAME = "$(TARGET_NAME)";
				SWIFT_VERSION = 5.0;
				TARGETED_DEVICE_FAMILY = "1,2";
			};
			name = Debug;
		};
		90978EF32593C90300050A3E /* Release */ = {
			isa = XCBuildConfiguration;
			baseConfigurationReference = 4171107788E4E0D38E10D469 /* Pods-SampleApp.release.xcconfig */;
			buildSettings = {
				ASSETCATALOG_COMPILER_APPICON_NAME = AppIcon;
				ASSETCATALOG_COMPILER_GLOBAL_ACCENT_COLOR_NAME = AccentColor;
				CODE_SIGN_STYLE = Automatic;
				DEVELOPMENT_TEAM = D54RNC6WC3;
				INFOPLIST_FILE = SampleApp/Info.plist;
				LD_RUNPATH_SEARCH_PATHS = (
					"$(inherited)",
					"@executable_path/Frameworks",
				);
				PRODUCT_BUNDLE_IDENTIFIER = testlist.com.SampleApp;
				PRODUCT_NAME = "$(TARGET_NAME)";
				SWIFT_VERSION = 5.0;
				TARGETED_DEVICE_FAMILY = "1,2";
			};
			name = Release;
		};
		90978EF52593C90300050A3E /* Debug */ = {
			isa = XCBuildConfiguration;
			baseConfigurationReference = 53B22348EF106E24A5FD8FAA /* Pods-SampleAppTests.debug.xcconfig */;
			buildSettings = {
				ALWAYS_EMBED_SWIFT_STANDARD_LIBRARIES = YES;
				BUNDLE_LOADER = "$(TEST_HOST)";
				CODE_SIGN_STYLE = Automatic;
				DEVELOPMENT_TEAM = D54RNC6WC3;
				INFOPLIST_FILE = SampleAppTests/Info.plist;
				IPHONEOS_DEPLOYMENT_TARGET = 14.3;
				LD_RUNPATH_SEARCH_PATHS = (
					"$(inherited)",
					"@executable_path/Frameworks",
					"@loader_path/Frameworks",
				);
				PRODUCT_BUNDLE_IDENTIFIER = testlist.com.SampleAppTests;
				PRODUCT_NAME = "$(TARGET_NAME)";
				SWIFT_VERSION = 5.0;
				TARGETED_DEVICE_FAMILY = "1,2";
				TEST_HOST = "$(BUILT_PRODUCTS_DIR)/SampleApp.app/SampleApp";
			};
			name = Debug;
		};
		90978EF62593C90300050A3E /* Release */ = {
			isa = XCBuildConfiguration;
			baseConfigurationReference = 9D20073243E9D69B0C6B40EF /* Pods-SampleAppTests.release.xcconfig */;
			buildSettings = {
				ALWAYS_EMBED_SWIFT_STANDARD_LIBRARIES = YES;
				BUNDLE_LOADER = "$(TEST_HOST)";
				CODE_SIGN_STYLE = Automatic;
				DEVELOPMENT_TEAM = D54RNC6WC3;
				INFOPLIST_FILE = SampleAppTests/Info.plist;
				IPHONEOS_DEPLOYMENT_TARGET = 14.3;
				LD_RUNPATH_SEARCH_PATHS = (
					"$(inherited)",
					"@executable_path/Frameworks",
					"@loader_path/Frameworks",
				);
				PRODUCT_BUNDLE_IDENTIFIER = testlist.com.SampleAppTests;
				PRODUCT_NAME = "$(TARGET_NAME)";
				SWIFT_VERSION = 5.0;
				TARGETED_DEVICE_FAMILY = "1,2";
				TEST_HOST = "$(BUILT_PRODUCTS_DIR)/SampleApp.app/SampleApp";
			};
			name = Release;
		};
		90978EF82593C90300050A3E /* Debug */ = {
			isa = XCBuildConfiguration;
			baseConfigurationReference = 2DF2380DECC638988BF3FB4C /* Pods-SampleApp-SampleAppUITests.debug.xcconfig */;
			buildSettings = {
				ALWAYS_EMBED_SWIFT_STANDARD_LIBRARIES = YES;
				CODE_SIGN_STYLE = Automatic;
				DEVELOPMENT_TEAM = D54RNC6WC3;
				INFOPLIST_FILE = SampleAppUITests/Info.plist;
				LD_RUNPATH_SEARCH_PATHS = (
					"$(inherited)",
					"@executable_path/Frameworks",
					"@loader_path/Frameworks",
				);
				PRODUCT_BUNDLE_IDENTIFIER = testlist.com.SampleAppUITests;
				PRODUCT_NAME = "$(TARGET_NAME)";
				SWIFT_VERSION = 5.0;
				TARGETED_DEVICE_FAMILY = "1,2";
				TEST_TARGET_NAME = SampleApp;
			};
			name = Debug;
		};
		90978EF92593C90300050A3E /* Release */ = {
			isa = XCBuildConfiguration;
			baseConfigurationReference = 22C2C6CAC3DD48563C564D05 /* Pods-SampleApp-SampleAppUITests.release.xcconfig */;
			buildSettings = {
				ALWAYS_EMBED_SWIFT_STANDARD_LIBRARIES = YES;
				CODE_SIGN_STYLE = Automatic;
				DEVELOPMENT_TEAM = D54RNC6WC3;
				INFOPLIST_FILE = SampleAppUITests/Info.plist;
				LD_RUNPATH_SEARCH_PATHS = (
					"$(inherited)",
					"@executable_path/Frameworks",
					"@loader_path/Frameworks",
				);
				PRODUCT_BUNDLE_IDENTIFIER = testlist.com.SampleAppUITests;
				PRODUCT_NAME = "$(TARGET_NAME)";
				SWIFT_VERSION = 5.0;
				TARGETED_DEVICE_FAMILY = "1,2";
				TEST_TARGET_NAME = SampleApp;
			};
			name = Release;
		};
/* End XCBuildConfiguration section */

/* Begin XCConfigurationList section */
		90978EC22593C90100050A3E /* Build configuration list for PBXProject "SampleApp" */ = {
			isa = XCConfigurationList;
			buildConfigurations = (
				90978EEF2593C90300050A3E /* Debug */,
				90978EF02593C90300050A3E /* Release */,
			);
			defaultConfigurationIsVisible = 0;
			defaultConfigurationName = Release;
		};
		90978EF12593C90300050A3E /* Build configuration list for PBXNativeTarget "SampleApp" */ = {
			isa = XCConfigurationList;
			buildConfigurations = (
				90978EF22593C90300050A3E /* Debug */,
				90978EF32593C90300050A3E /* Release */,
			);
			defaultConfigurationIsVisible = 0;
			defaultConfigurationName = Release;
		};
		90978EF42593C90300050A3E /* Build configuration list for PBXNativeTarget "SampleAppTests" */ = {
			isa = XCConfigurationList;
			buildConfigurations = (
				90978EF52593C90300050A3E /* Debug */,
				90978EF62593C90300050A3E /* Release */,
			);
			defaultConfigurationIsVisible = 0;
			defaultConfigurationName = Release;
		};
		90978EF72593C90300050A3E /* Build configuration list for PBXNativeTarget "SampleAppUITests" */ = {
			isa = XCConfigurationList;
			buildConfigurations = (
				90978EF82593C90300050A3E /* Debug */,
				90978EF92593C90300050A3E /* Release */,
			);
			defaultConfigurationIsVisible = 0;
			defaultConfigurationName = Release;
		};
/* End XCConfigurationList section */
	};
	rootObject = 90978EBF2593C90100050A3E /* Project object */;
}
