// !$*UTF8*$!
{
	archiveVersion = 1;
	classes = {
	};
	objectVersion = 50;
	objects = {

/* Begin PBXBuildFile section */
		90978ECB2593C90100050A3E /* AppDelegate.swift in Sources */ = {isa = PBXBuildFile; fileRef = 90978ECA2593C90100050A3E /* AppDelegate.swift */; };
		90978ECD2593C90100050A3E /* SceneDelegate.swift in Sources */ = {isa = PBXBuildFile; fileRef = 90978ECC2593C90100050A3E /* SceneDelegate.swift */; };
		90978ECF2593C90100050A3E /* ViewController.swift in Sources */ = {isa = PBXBuildFile; fileRef = 90978ECE2593C90100050A3E /* ViewController.swift */; };
		90978ED42593C90300050A3E /* Assets.xcassets in Resources */ = {isa = PBXBuildFile; fileRef = 90978ED32593C90300050A3E /* Assets.xcassets */; };
		90978ED72593C90300050A3E /* LaunchScreen.storyboard in Resources */ = {isa = PBXBuildFile; fileRef = 90978ED52593C90300050A3E /* LaunchScreen.storyboard */; };
		90978EE22593C90300050A3E /* SampleAppTests.swift in Sources */ = {isa = PBXBuildFile; fileRef = 90978EE12593C90300050A3E /* SampleAppTests.swift */; };
		90978EED2593C90300050A3E /* SampleAppUITests.swift in Sources */ = {isa = PBXBuildFile; fileRef = 90978EEC2593C90300050A3E /* SampleAppUITests.swift */; };
		90978F0B2593CA0300050A3E /* BoutiqueListViewController.swift in Sources */ = {isa = PBXBuildFile; fileRef = 90978F0A2593CA0300050A3E /* BoutiqueListViewController.swift */; };
/* End PBXBuildFile section */

/* Begin PBXContainerItemProxy section */
		90978EDE2593C90300050A3E /* PBXContainerItemProxy */ = {
			isa = PBXContainerItemProxy;
			containerPortal = 90978EBF2593C90100050A3E /* Project object */;
			proxyType = 1;
			remoteGlobalIDString = 90978EC62593C90100050A3E;
			remoteInfo = SampleApp;
		};
		90978EE92593C90300050A3E /* PBXContainerItemProxy */ = {
			isa = PBXContainerItemProxy;
			containerPortal = 90978EBF2593C90100050A3E /* Project object */;
			proxyType = 1;
			remoteGlobalIDString = 90978EC62593C90100050A3E;
			remoteInfo = SampleApp;
		};
/* End PBXContainerItemProxy section */

/* Begin PBXFileReference section */
		90978EC72593C90100050A3E /* SampleApp.app */ = {isa = PBXFileReference; explicitFileType = wrapper.application; includeInIndex = 0; path = SampleApp.app; sourceTree = BUILT_PRODUCTS_DIR; };
		90978ECA2593C90100050A3E /* AppDelegate.swift */ = {isa = PBXFileReference; lastKnownFileType = sourcecode.swift; path = AppDelegate.swift; sourceTree = "<group>"; };
		90978ECC2593C90100050A3E /* SceneDelegate.swift */ = {isa = PBXFileReference; lastKnownFileType = sourcecode.swift; path = SceneDelegate.swift; sourceTree = "<group>"; };
		90978ECE2593C90100050A3E /* ViewController.swift */ = {isa = PBXFileReference; lastKnownFileType = sourcecode.swift; path = ViewController.swift; sourceTree = "<group>"; };
		90978ED32593C90300050A3E /* Assets.xcassets */ = {isa = PBXFileReference; lastKnownFileType = folder.assetcatalog; path = Assets.xcassets; sourceTree = "<group>"; };
		90978ED62593C90300050A3E /* Base */ = {isa = PBXFileReference; lastKnownFileType = file.storyboard; name = Base; path = Base.lproj/LaunchScreen.storyboard; sourceTree = "<group>"; };
		90978ED82593C90300050A3E /* Info.plist */ = {isa = PBXFileReference; lastKnownFileType = text.plist.xml; path = Info.plist; sourceTree = "<group>"; };
		90978EDD2593C90300050A3E /* SampleAppTests.xctest */ = {isa = PBXFileReference; explicitFileType = wrapper.cfbundle; includeInIndex = 0; path = SampleAppTests.xctest; sourceTree = BUILT_PRODUCTS_DIR; };
		90978EE12593C90300050A3E /* SampleAppTests.swift */ = {isa = PBXFileReference; lastKnownFileType = sourcecode.swift; path = SampleAppTests.swift; sourceTree = "<group>"; };
		90978EE32593C90300050A3E /* Info.plist */ = {isa = PBXFileReference; lastKnownFileType = text.plist.xml; path = Info.plist; sourceTree = "<group>"; };
		90978EE82593C90300050A3E /* SampleAppUITests.xctest */ = {isa = PBXFileReference; explicitFileType = wrapper.cfbundle; includeInIndex = 0; path = SampleAppUITests.xctest; sourceTree = BUILT_PRODUCTS_DIR; };
		90978EEC2593C90300050A3E /* SampleAppUITests.swift */ = {isa = PBXFileReference; lastKnownFileType = sourcecode.swift; path = SampleAppUITests.swift; sourceTree = "<group>"; };
		90978EEE2593C90300050A3E /* Info.plist */ = {isa = PBXFileReference; lastKnownFileType = text.plist.xml; path = Info.plist; sourceTree = "<group>"; };
		90978F0A2593CA0300050A3E /* BoutiqueListViewController.swift */ = {isa = PBXFileReference; lastKnownFileType = sourcecode.swift; path = BoutiqueListViewController.swift; sourceTree = "<group>"; };
/* End PBXFileReference section */

/* Begin PBXFrameworksBuildPhase section */
		90978EC42593C90100050A3E /* Frameworks */ = {
			isa = PBXFrameworksBuildPhase;
			buildActionMask = 2147483647;
			files = (
			);
			runOnlyForDeploymentPostprocessing = 0;
		};
		90978EDA2593C90300050A3E /* Frameworks */ = {
			isa = PBXFrameworksBuildPhase;
			buildActionMask = 2147483647;
			files = (
			);
			runOnlyForDeploymentPostprocessing = 0;
		};
		90978EE52593C90300050A3E /* Frameworks */ = {
			isa = PBXFrameworksBuildPhase;
			buildActionMask = 2147483647;
			files = (
			);
			runOnlyForDeploymentPostprocessing = 0;
		};
/* End PBXFrameworksBuildPhase section */

/* Begin PBXGroup section */
		90978EBE2593C90100050A3E = {
			isa = PBXGroup;
			children = (
				90978EC92593C90100050A3E /* SampleApp */,
				90978EE02593C90300050A3E /* SampleAppTests */,
				90978EEB2593C90300050A3E /* SampleAppUITests */,
				90978EC82593C90100050A3E /* Products */,
			);
			sourceTree = "<group>";
		};
		90978EC82593C90100050A3E /* Products */ = {
			isa = PBXGroup;
			children = (
				90978EC72593C90100050A3E /* SampleApp.app */,
				90978EDD2593C90300050A3E /* SampleAppTests.xctest */,
				90978EE82593C90300050A3E /* SampleAppUITests.xctest */,
			);
			name = Products;
			sourceTree = "<group>";
		};
		90978EC92593C90100050A3E /* SampleApp */ = {
			isa = PBXGroup;
			children = (
				90978ECA2593C90100050A3E /* AppDelegate.swift */,
				90978ECC2593C90100050A3E /* SceneDelegate.swift */,
				90978EFD2593C93A00050A3E /* View */,
				90978EFE2593C94000050A3E /* Model */,
				90978ECE2593C90100050A3E /* ViewController.swift */,
				90978ED32593C90300050A3E /* Assets.xcassets */,
				90978ED52593C90300050A3E /* LaunchScreen.storyboard */,
				90978ED82593C90300050A3E /* Info.plist */,
			);
			path = SampleApp;
			sourceTree = "<group>";
		};
		90978EE02593C90300050A3E /* SampleAppTests */ = {
			isa = PBXGroup;
			children = (
				90978EE12593C90300050A3E /* SampleAppTests.swift */,
				90978EE32593C90300050A3E /* Info.plist */,
			);
			path = SampleAppTests;
			sourceTree = "<group>";
		};
		90978EEB2593C90300050A3E /* SampleAppUITests */ = {
			isa = PBXGroup;
			children = (
				90978EEC2593C90300050A3E /* SampleAppUITests.swift */,
				90978EEE2593C90300050A3E /* Info.plist */,
			);
			path = SampleAppUITests;
			sourceTree = "<group>";
		};
		90978EFD2593C93A00050A3E /* View */ = {
			isa = PBXGroup;
			children = (
				90978F012593C95200050A3E /* SharedUIComponents */,
				90978EFF2593C94600050A3E /* UseCases */,
			);
			path = View;
			sourceTree = "<group>";
		};
		90978EFE2593C94000050A3E /* Model */ = {
			isa = PBXGroup;
			children = (
				90978F032593C98B00050A3E /* Network */,
				90978F022593C98600050A3E /* DataModels */,
			);
			path = Model;
			sourceTree = "<group>";
		};
		90978EFF2593C94600050A3E /* UseCases */ = {
			isa = PBXGroup;
			children = (
				90978F002593C94D00050A3E /* ListBoutiquesInfo */,
			);
			path = UseCases;
			sourceTree = "<group>";
		};
		90978F002593C94D00050A3E /* ListBoutiquesInfo */ = {
			isa = PBXGroup;
			children = (
				90978F0A2593CA0300050A3E /* BoutiqueListViewController.swift */,
			);
			path = ListBoutiquesInfo;
			sourceTree = "<group>";
		};
		90978F012593C95200050A3E /* SharedUIComponents */ = {
			isa = PBXGroup;
			children = (
			);
			path = SharedUIComponents;
			sourceTree = "<group>";
		};
		90978F022593C98600050A3E /* DataModels */ = {
			isa = PBXGroup;
			children = (
			);
			path = DataModels;
			sourceTree = "<group>";
		};
		90978F032593C98B00050A3E /* Network */ = {
			isa = PBXGroup;
			children = (
			);
			path = Network;
			sourceTree = "<group>";
		};
/* End PBXGroup section */

/* Begin PBXNativeTarget section */
		90978EC62593C90100050A3E /* SampleApp */ = {
			isa = PBXNativeTarget;
			buildConfigurationList = 90978EF12593C90300050A3E /* Build configuration list for PBXNativeTarget "SampleApp" */;
			buildPhases = (
				90978EC32593C90100050A3E /* Sources */,
				90978EC42593C90100050A3E /* Frameworks */,
				90978EC52593C90100050A3E /* Resources */,
			);
			buildRules = (
			);
			dependencies = (
			);
			name = SampleApp;
			productName = SampleApp;
			productReference = 90978EC72593C90100050A3E /* SampleApp.app */;
			productType = "com.apple.product-type.application";
		};
		90978EDC2593C90300050A3E /* SampleAppTests */ = {
			isa = PBXNativeTarget;
			buildConfigurationList = 90978EF42593C90300050A3E /* Build configuration list for PBXNativeTarget "SampleAppTests" */;
			buildPhases = (
				90978ED92593C90300050A3E /* Sources */,
				90978EDA2593C90300050A3E /* Frameworks */,
				90978EDB2593C90300050A3E /* Resources */,
			);
			buildRules = (
			);
			dependencies = (
				90978EDF2593C90300050A3E /* PBXTargetDependency */,
			);
			name = SampleAppTests;
			productName = SampleAppTests;
			productReference = 90978EDD2593C90300050A3E /* SampleAppTests.xctest */;
			productType = "com.apple.product-type.bundle.unit-test";
		};
		90978EE72593C90300050A3E /* SampleAppUITests */ = {
			isa = PBXNativeTarget;
			buildConfigurationList = 90978EF72593C90300050A3E /* Build configuration list for PBXNativeTarget "SampleAppUITests" */;
			buildPhases = (
				90978EE42593C90300050A3E /* Sources */,
				90978EE52593C90300050A3E /* Frameworks */,
				90978EE62593C90300050A3E /* Resources */,
			);
			buildRules = (
			);
			dependencies = (
				90978EEA2593C90300050A3E /* PBXTargetDependency */,
			);
			name = SampleAppUITests;
			productName = SampleAppUITests;
			productReference = 90978EE82593C90300050A3E /* SampleAppUITests.xctest */;
			productType = "com.apple.product-type.bundle.ui-testing";
		};
/* End PBXNativeTarget section */

/* Begin PBXProject section */
		90978EBF2593C90100050A3E /* Project object */ = {
			isa = PBXProject;
			attributes = {
				LastSwiftUpdateCheck = 1230;
				LastUpgradeCheck = 1230;
				TargetAttributes = {
					90978EC62593C90100050A3E = {
						CreatedOnToolsVersion = 12.3;
					};
					90978EDC2593C90300050A3E = {
						CreatedOnToolsVersion = 12.3;
						TestTargetID = 90978EC62593C90100050A3E;
					};
					90978EE72593C90300050A3E = {
						CreatedOnToolsVersion = 12.3;
						TestTargetID = 90978EC62593C90100050A3E;
					};
				};
			};
			buildConfigurationList = 90978EC22593C90100050A3E /* Build configuration list for PBXProject "SampleApp" */;
			compatibilityVersion = "Xcode 9.3";
			developmentRegion = en;
			hasScannedForEncodings = 0;
			knownRegions = (
				en,
				Base,
			);
			mainGroup = 90978EBE2593C90100050A3E;
			productRefGroup = 90978EC82593C90100050A3E /* Products */;
			projectDirPath = "";
			projectRoot = "";
			targets = (
				90978EC62593C90100050A3E /* SampleApp */,
				90978EDC2593C90300050A3E /* SampleAppTests */,
				90978EE72593C90300050A3E /* SampleAppUITests */,
			);
		};
/* End PBXProject section */

/* Begin PBXResourcesBuildPhase section */
		90978EC52593C90100050A3E /* Resources */ = {
			isa = PBXResourcesBuildPhase;
			buildActionMask = 2147483647;
			files = (
				90978ED72593C90300050A3E /* LaunchScreen.storyboard in Resources */,
				90978ED42593C90300050A3E /* Assets.xcassets in Resources */,
			);
			runOnlyForDeploymentPostprocessing = 0;
		};
		90978EDB2593C90300050A3E /* Resources */ = {
			isa = PBXResourcesBuildPhase;
			buildActionMask = 2147483647;
			files = (
			);
			runOnlyForDeploymentPostprocessing = 0;
		};
		90978EE62593C90300050A3E /* Resources */ = {
			isa = PBXResourcesBuildPhase;
			buildActionMask = 2147483647;
			files = (
			);
			runOnlyForDeploymentPostprocessing = 0;
		};
/* End PBXResourcesBuildPhase section */

/* Begin PBXSourcesBuildPhase section */
		90978EC32593C90100050A3E /* Sources */ = {
			isa = PBXSourcesBuildPhase;
			buildActionMask = 2147483647;
			files = (
				90978F0B2593CA0300050A3E /* BoutiqueListViewController.swift in Sources */,
				90978ECF2593C90100050A3E /* ViewController.swift in Sources */,
				90978ECB2593C90100050A3E /* AppDelegate.swift in Sources */,
				90978ECD2593C90100050A3E /* SceneDelegate.swift in Sources */,
			);
			runOnlyForDeploymentPostprocessing = 0;
		};
		90978ED92593C90300050A3E /* Sources */ = {
			isa = PBXSourcesBuildPhase;
			buildActionMask = 2147483647;
			files = (
				90978EE22593C90300050A3E /* SampleAppTests.swift in Sources */,
			);
			runOnlyForDeploymentPostprocessing = 0;
		};
		90978EE42593C90300050A3E /* Sources */ = {
			isa = PBXSourcesBuildPhase;
			buildActionMask = 2147483647;
			files = (
				90978EED2593C90300050A3E /* SampleAppUITests.swift in Sources */,
			);
			runOnlyForDeploymentPostprocessing = 0;
		};
/* End PBXSourcesBuildPhase section */

/* Begin PBXTargetDependency section */
		90978EDF2593C90300050A3E /* PBXTargetDependency */ = {
			isa = PBXTargetDependency;
			target = 90978EC62593C90100050A3E /* SampleApp */;
			targetProxy = 90978EDE2593C90300050A3E /* PBXContainerItemProxy */;
		};
		90978EEA2593C90300050A3E /* PBXTargetDependency */ = {
			isa = PBXTargetDependency;
			target = 90978EC62593C90100050A3E /* SampleApp */;
			targetProxy = 90978EE92593C90300050A3E /* PBXContainerItemProxy */;
		};
/* End PBXTargetDependency section */

/* Begin PBXVariantGroup section */
		90978ED52593C90300050A3E /* LaunchScreen.storyboard */ = {
			isa = PBXVariantGroup;
			children = (
				90978ED62593C90300050A3E /* Base */,
			);
			name = LaunchScreen.storyboard;
			sourceTree = "<group>";
		};
/* End PBXVariantGroup section */

/* Begin XCBuildConfiguration section */
		90978EEF2593C90300050A3E /* Debug */ = {
			isa = XCBuildConfiguration;
			buildSettings = {
				ALWAYS_SEARCH_USER_PATHS = NO;
				CLANG_ANALYZER_NONNULL = YES;
				CLANG_ANALYZER_NUMBER_OBJECT_CONVERSION = YES_AGGRESSIVE;
				CLANG_CXX_LANGUAGE_STANDARD = "gnu++14";
				CLANG_CXX_LIBRARY = "libc++";
				CLANG_ENABLE_MODULES = YES;
				CLANG_ENABLE_OBJC_ARC = YES;
				CLANG_ENABLE_OBJC_WEAK = YES;
				CLANG_WARN_BLOCK_CAPTURE_AUTORELEASING = YES;
				CLANG_WARN_BOOL_CONVERSION = YES;
				CLANG_WARN_COMMA = YES;
				CLANG_WARN_CONSTANT_CONVERSION = YES;
				CLANG_WARN_DEPRECATED_OBJC_IMPLEMENTATIONS = YES;
				CLANG_WARN_DIRECT_OBJC_ISA_USAGE = YES_ERROR;
				CLANG_WARN_DOCUMENTATION_COMMENTS = YES;
				CLANG_WARN_EMPTY_BODY = YES;
				CLANG_WARN_ENUM_CONVERSION = YES;
				CLANG_WARN_INFINITE_RECURSION = YES;
				CLANG_WARN_INT_CONVERSION = YES;
				CLANG_WARN_NON_LITERAL_NULL_CONVERSION = YES;
				CLANG_WARN_OBJC_IMPLICIT_RETAIN_SELF = YES;
				CLANG_WARN_OBJC_LITERAL_CONVERSION = YES;
				CLANG_WARN_OBJC_ROOT_CLASS = YES_ERROR;
				CLANG_WARN_QUOTED_INCLUDE_IN_FRAMEWORK_HEADER = YES;
				CLANG_WARN_RANGE_LOOP_ANALYSIS = YES;
				CLANG_WARN_STRICT_PROTOTYPES = YES;
				CLANG_WARN_SUSPICIOUS_MOVE = YES;
				CLANG_WARN_UNGUARDED_AVAILABILITY = YES_AGGRESSIVE;
				CLANG_WARN_UNREACHABLE_CODE = YES;
				CLANG_WARN__DUPLICATE_METHOD_MATCH = YES;
				COPY_PHASE_STRIP = NO;
				DEBUG_INFORMATION_FORMAT = dwarf;
				ENABLE_STRICT_OBJC_MSGSEND = YES;
				ENABLE_TESTABILITY = YES;
				GCC_C_LANGUAGE_STANDARD = gnu11;
				GCC_DYNAMIC_NO_PIC = NO;
				GCC_NO_COMMON_BLOCKS = YES;
				GCC_OPTIMIZATION_LEVEL = 0;
				GCC_PREPROCESSOR_DEFINITIONS = (
					"DEBUG=1",
					"$(inherited)",
				);
				GCC_WARN_64_TO_32_BIT_CONVERSION = YES;
				GCC_WARN_ABOUT_RETURN_TYPE = YES_ERROR;
				GCC_WARN_UNDECLARED_SELECTOR = YES;
				GCC_WARN_UNINITIALIZED_AUTOS = YES_AGGRESSIVE;
				GCC_WARN_UNUSED_FUNCTION = YES;
				GCC_WARN_UNUSED_VARIABLE = YES;
				IPHONEOS_DEPLOYMENT_TARGET = 14.3;
				MTL_ENABLE_DEBUG_INFO = INCLUDE_SOURCE;
				MTL_FAST_MATH = YES;
				ONLY_ACTIVE_ARCH = YES;
				SDKROOT = iphoneos;
				SWIFT_ACTIVE_COMPILATION_CONDITIONS = DEBUG;
				SWIFT_OPTIMIZATION_LEVEL = "-Onone";
			};
			name = Debug;
		};
		90978EF02593C90300050A3E /* Release */ = {
			isa = XCBuildConfiguration;
			buildSettings = {
				ALWAYS_SEARCH_USER_PATHS = NO;
				CLANG_ANALYZER_NONNULL = YES;
				CLANG_ANALYZER_NUMBER_OBJECT_CONVERSION = YES_AGGRESSIVE;
				CLANG_CXX_LANGUAGE_STANDARD = "gnu++14";
				CLANG_CXX_LIBRARY = "libc++";
				CLANG_ENABLE_MODULES = YES;
				CLANG_ENABLE_OBJC_ARC = YES;
				CLANG_ENABLE_OBJC_WEAK = YES;
				CLANG_WARN_BLOCK_CAPTURE_AUTORELEASING = YES;
				CLANG_WARN_BOOL_CONVERSION = YES;
				CLANG_WARN_COMMA = YES;
				CLANG_WARN_CONSTANT_CONVERSION = YES;
				CLANG_WARN_DEPRECATED_OBJC_IMPLEMENTATIONS = YES;
				CLANG_WARN_DIRECT_OBJC_ISA_USAGE = YES_ERROR;
				CLANG_WARN_DOCUMENTATION_COMMENTS = YES;
				CLANG_WARN_EMPTY_BODY = YES;
				CLANG_WARN_ENUM_CONVERSION = YES;
				CLANG_WARN_INFINITE_RECURSION = YES;
				CLANG_WARN_INT_CONVERSION = YES;
				CLANG_WARN_NON_LITERAL_NULL_CONVERSION = YES;
				CLANG_WARN_OBJC_IMPLICIT_RETAIN_SELF = YES;
				CLANG_WARN_OBJC_LITERAL_CONVERSION = YES;
				CLANG_WARN_OBJC_ROOT_CLASS = YES_ERROR;
				CLANG_WARN_QUOTED_INCLUDE_IN_FRAMEWORK_HEADER = YES;
				CLANG_WARN_RANGE_LOOP_ANALYSIS = YES;
				CLANG_WARN_STRICT_PROTOTYPES = YES;
				CLANG_WARN_SUSPICIOUS_MOVE = YES;
				CLANG_WARN_UNGUARDED_AVAILABILITY = YES_AGGRESSIVE;
				CLANG_WARN_UNREACHABLE_CODE = YES;
				CLANG_WARN__DUPLICATE_METHOD_MATCH = YES;
				COPY_PHASE_STRIP = NO;
				DEBUG_INFORMATION_FORMAT = "dwarf-with-dsym";
				ENABLE_NS_ASSERTIONS = NO;
				ENABLE_STRICT_OBJC_MSGSEND = YES;
				GCC_C_LANGUAGE_STANDARD = gnu11;
				GCC_NO_COMMON_BLOCKS = YES;
				GCC_WARN_64_TO_32_BIT_CONVERSION = YES;
				GCC_WARN_ABOUT_RETURN_TYPE = YES_ERROR;
				GCC_WARN_UNDECLARED_SELECTOR = YES;
				GCC_WARN_UNINITIALIZED_AUTOS = YES_AGGRESSIVE;
				GCC_WARN_UNUSED_FUNCTION = YES;
				GCC_WARN_UNUSED_VARIABLE = YES;
				IPHONEOS_DEPLOYMENT_TARGET = 14.3;
				MTL_ENABLE_DEBUG_INFO = NO;
				MTL_FAST_MATH = YES;
				SDKROOT = iphoneos;
				SWIFT_COMPILATION_MODE = wholemodule;
				SWIFT_OPTIMIZATION_LEVEL = "-O";
				VALIDATE_PRODUCT = YES;
			};
			name = Release;
		};
		90978EF22593C90300050A3E /* Debug */ = {
			isa = XCBuildConfiguration;
			buildSettings = {
				ASSETCATALOG_COMPILER_APPICON_NAME = AppIcon;
				ASSETCATALOG_COMPILER_GLOBAL_ACCENT_COLOR_NAME = AccentColor;
				CODE_SIGN_STYLE = Automatic;
				DEVELOPMENT_TEAM = D54RNC6WC3;
				INFOPLIST_FILE = SampleApp/Info.plist;
				LD_RUNPATH_SEARCH_PATHS = (
					"$(inherited)",
					"@executable_path/Frameworks",
				);
				PRODUCT_BUNDLE_IDENTIFIER = testlist.com.SampleApp;
				PRODUCT_NAME = "$(TARGET_NAME)";
				SWIFT_VERSION = 5.0;
				TARGETED_DEVICE_FAMILY = "1,2";
			};
			name = Debug;
		};
		90978EF32593C90300050A3E /* Release */ = {
			isa = XCBuildConfiguration;
			buildSettings = {
				ASSETCATALOG_COMPILER_APPICON_NAME = AppIcon;
				ASSETCATALOG_COMPILER_GLOBAL_ACCENT_COLOR_NAME = AccentColor;
				CODE_SIGN_STYLE = Automatic;
				DEVELOPMENT_TEAM = D54RNC6WC3;
				INFOPLIST_FILE = SampleApp/Info.plist;
				LD_RUNPATH_SEARCH_PATHS = (
					"$(inherited)",
					"@executable_path/Frameworks",
				);
				PRODUCT_BUNDLE_IDENTIFIER = testlist.com.SampleApp;
				PRODUCT_NAME = "$(TARGET_NAME)";
				SWIFT_VERSION = 5.0;
				TARGETED_DEVICE_FAMILY = "1,2";
			};
			name = Release;
		};
		90978EF52593C90300050A3E /* Debug */ = {
			isa = XCBuildConfiguration;
			buildSettings = {
				ALWAYS_EMBED_SWIFT_STANDARD_LIBRARIES = YES;
				BUNDLE_LOADER = "$(TEST_HOST)";
				CODE_SIGN_STYLE = Automatic;
				DEVELOPMENT_TEAM = D54RNC6WC3;
				INFOPLIST_FILE = SampleAppTests/Info.plist;
				IPHONEOS_DEPLOYMENT_TARGET = 14.3;
				LD_RUNPATH_SEARCH_PATHS = (
					"$(inherited)",
					"@executable_path/Frameworks",
					"@loader_path/Frameworks",
				);
				PRODUCT_BUNDLE_IDENTIFIER = testlist.com.SampleAppTests;
				PRODUCT_NAME = "$(TARGET_NAME)";
				SWIFT_VERSION = 5.0;
				TARGETED_DEVICE_FAMILY = "1,2";
				TEST_HOST = "$(BUILT_PRODUCTS_DIR)/SampleApp.app/SampleApp";
			};
			name = Debug;
		};
		90978EF62593C90300050A3E /* Release */ = {
			isa = XCBuildConfiguration;
			buildSettings = {
				ALWAYS_EMBED_SWIFT_STANDARD_LIBRARIES = YES;
				BUNDLE_LOADER = "$(TEST_HOST)";
				CODE_SIGN_STYLE = Automatic;
				DEVELOPMENT_TEAM = D54RNC6WC3;
				INFOPLIST_FILE = SampleAppTests/Info.plist;
				IPHONEOS_DEPLOYMENT_TARGET = 14.3;
				LD_RUNPATH_SEARCH_PATHS = (
					"$(inherited)",
					"@executable_path/Frameworks",
					"@loader_path/Frameworks",
				);
				PRODUCT_BUNDLE_IDENTIFIER = testlist.com.SampleAppTests;
				PRODUCT_NAME = "$(TARGET_NAME)";
				SWIFT_VERSION = 5.0;
				TARGETED_DEVICE_FAMILY = "1,2";
				TEST_HOST = "$(BUILT_PRODUCTS_DIR)/SampleApp.app/SampleApp";
			};
			name = Release;
		};
		90978EF82593C90300050A3E /* Debug */ = {
			isa = XCBuildConfiguration;
			buildSettings = {
				ALWAYS_EMBED_SWIFT_STANDARD_LIBRARIES = YES;
				CODE_SIGN_STYLE = Automatic;
				DEVELOPMENT_TEAM = D54RNC6WC3;
				INFOPLIST_FILE = SampleAppUITests/Info.plist;
				LD_RUNPATH_SEARCH_PATHS = (
					"$(inherited)",
					"@executable_path/Frameworks",
					"@loader_path/Frameworks",
				);
				PRODUCT_BUNDLE_IDENTIFIER = testlist.com.SampleAppUITests;
				PRODUCT_NAME = "$(TARGET_NAME)";
				SWIFT_VERSION = 5.0;
				TARGETED_DEVICE_FAMILY = "1,2";
				TEST_TARGET_NAME = SampleApp;
			};
			name = Debug;
		};
		90978EF92593C90300050A3E /* Release */ = {
			isa = XCBuildConfiguration;
			buildSettings = {
				ALWAYS_EMBED_SWIFT_STANDARD_LIBRARIES = YES;
				CODE_SIGN_STYLE = Automatic;
				DEVELOPMENT_TEAM = D54RNC6WC3;
				INFOPLIST_FILE = SampleAppUITests/Info.plist;
				LD_RUNPATH_SEARCH_PATHS = (
					"$(inherited)",
					"@executable_path/Frameworks",
					"@loader_path/Frameworks",
				);
				PRODUCT_BUNDLE_IDENTIFIER = testlist.com.SampleAppUITests;
				PRODUCT_NAME = "$(TARGET_NAME)";
				SWIFT_VERSION = 5.0;
				TARGETED_DEVICE_FAMILY = "1,2";
				TEST_TARGET_NAME = SampleApp;
			};
			name = Release;
		};
/* End XCBuildConfiguration section */

/* Begin XCConfigurationList section */
		90978EC22593C90100050A3E /* Build configuration list for PBXProject "SampleApp" */ = {
			isa = XCConfigurationList;
			buildConfigurations = (
				90978EEF2593C90300050A3E /* Debug */,
				90978EF02593C90300050A3E /* Release */,
			);
			defaultConfigurationIsVisible = 0;
			defaultConfigurationName = Release;
		};
		90978EF12593C90300050A3E /* Build configuration list for PBXNativeTarget "SampleApp" */ = {
			isa = XCConfigurationList;
			buildConfigurations = (
				90978EF22593C90300050A3E /* Debug */,
				90978EF32593C90300050A3E /* Release */,
			);
			defaultConfigurationIsVisible = 0;
			defaultConfigurationName = Release;
		};
		90978EF42593C90300050A3E /* Build configuration list for PBXNativeTarget "SampleAppTests" */ = {
			isa = XCConfigurationList;
			buildConfigurations = (
				90978EF52593C90300050A3E /* Debug */,
				90978EF62593C90300050A3E /* Release */,
			);
			defaultConfigurationIsVisible = 0;
			defaultConfigurationName = Release;
		};
		90978EF72593C90300050A3E /* Build configuration list for PBXNativeTarget "SampleAppUITests" */ = {
			isa = XCConfigurationList;
			buildConfigurations = (
				90978EF82593C90300050A3E /* Debug */,
				90978EF92593C90300050A3E /* Release */,
			);
			defaultConfigurationIsVisible = 0;
			defaultConfigurationName = Release;
		};
/* End XCConfigurationList section */
	};
	rootObject = 90978EBF2593C90100050A3E /* Project object */;
}
